
Microsoft Visual Studio Solution File, Format Version 12.00
# Visual Studio Version 16
VisualStudioVersion = 16.0.30611.23
MinimumVisualStudioVersion = 10.0.40219.1
Project("{FAE04EC0-301F-11D3-BF4B-00C04F79EFBC}") = "DurakFormApp", "DurakFormApp.csproj", "{6CF0D474-D35A-407F-9915-8442DDB5CD69}"
EndProject
Project("{FAE04EC0-301F-11D3-BF4B-00C04F79EFBC}") = "CardBox", "..\CardBox\CardBox.csproj", "{9031F73F-9ABA-49B6-A82E-AB86210B1CC0}"
EndProject
Global
	GlobalSection(SolutionConfigurationPlatforms) = preSolution
		Debug|Any CPU = Debug|Any CPU
		Release|Any CPU = Release|Any CPU
	EndGlobalSection
	GlobalSection(ProjectConfigurationPlatforms) = postSolution
		{6CF0D474-D35A-407F-9915-8442DDB5CD69}.Debug|Any CPU.ActiveCfg = Debug|Any CPU
		{6CF0D474-D35A-407F-9915-8442DDB5CD69}.Debug|Any CPU.Build.0 = Debug|Any CPU
		{6CF0D474-D35A-407F-9915-8442DDB5CD69}.Release|Any CPU.ActiveCfg = Release|Any CPU
		{6CF0D474-D35A-407F-9915-8442DDB5CD69}.Release|Any CPU.Build.0 = Release|Any CPU
		{9031F73F-9ABA-49B6-A82E-AB86210B1CC0}.Debug|Any CPU.ActiveCfg = Debug|Any CPU
		{9031F73F-9ABA-49B6-A82E-AB86210B1CC0}.Debug|Any CPU.Build.0 = Debug|Any CPU
		{9031F73F-9ABA-49B6-A82E-AB86210B1CC0}.Release|Any CPU.ActiveCfg = Release|Any CPU
		{9031F73F-9ABA-49B6-A82E-AB86210B1CC0}.Release|Any CPU.Build.0 = Release|Any CPU
	EndGlobalSection
	GlobalSection(SolutionProperties) = preSolution
		HideSolutionNode = FALSE
	EndGlobalSection
	GlobalSection(ExtensibilityGlobals) = postSolution
		SolutionGuid = {ACB5BAF8-9290-40DF-A523-38BA4DDECD2D}
	EndGlobalSection
EndGlobal
